// !$*UTF8*$!
{
	archiveVersion = 1;
	classes = {
	};
	objectVersion = 46;
	objects = {

/* Begin PBXBuildFile section */
		3F9272061D7E4BC50065A9C3 /* AppDelegate.swift in Sources */ = {isa = PBXBuildFile; fileRef = 3F9272051D7E4BC50065A9C3 /* AppDelegate.swift */; };
		3F9272081D7E4BC50065A9C3 /* ViewController.swift in Sources */ = {isa = PBXBuildFile; fileRef = 3F9272071D7E4BC50065A9C3 /* ViewController.swift */; };
		3F92720A1D7E4BC50065A9C3 /* Assets.xcassets in Resources */ = {isa = PBXBuildFile; fileRef = 3F9272091D7E4BC50065A9C3 /* Assets.xcassets */; };
		3F92720D1D7E4BC50065A9C3 /* Main.storyboard in Resources */ = {isa = PBXBuildFile; fileRef = 3F92720B1D7E4BC50065A9C3 /* Main.storyboard */; };
		3F9272181D7E4BC50065A9C3 /* LogoClipTests.swift in Sources */ = {isa = PBXBuildFile; fileRef = 3F9272171D7E4BC50065A9C3 /* LogoClipTests.swift */; };
		3F9272231D7E4BC50065A9C3 /* LogoClipUITests.swift in Sources */ = {isa = PBXBuildFile; fileRef = 3F9272221D7E4BC50065A9C3 /* LogoClipUITests.swift */; };
		3F9272321D7E5F900065A9C3 /* zj_no_pic@2x.png in Resources */ = {isa = PBXBuildFile; fileRef = 3F9272311D7E5F900065A9C3 /* zj_no_pic@2x.png */; };
/* End PBXBuildFile section */

/* Begin PBXContainerItemProxy section */
		3F9272141D7E4BC50065A9C3 /* PBXContainerItemProxy */ = {
			isa = PBXContainerItemProxy;
			containerPortal = 3F9271FA1D7E4BC50065A9C3 /* Project object */;
			proxyType = 1;
			remoteGlobalIDString = 3F9272011D7E4BC50065A9C3;
			remoteInfo = LogoClip;
		};
		3F92721F1D7E4BC50065A9C3 /* PBXContainerItemProxy */ = {
			isa = PBXContainerItemProxy;
			containerPortal = 3F9271FA1D7E4BC50065A9C3 /* Project object */;
			proxyType = 1;
			remoteGlobalIDString = 3F9272011D7E4BC50065A9C3;
			remoteInfo = LogoClip;
		};
/* End PBXContainerItemProxy section */

/* Begin PBXFileReference section */
		3F9272021D7E4BC50065A9C3 /* LogoClip.app */ = {isa = PBXFileReference; explicitFileType = wrapper.application; includeInIndex = 0; path = LogoClip.app; sourceTree = BUILT_PRODUCTS_DIR; };
		3F9272051D7E4BC50065A9C3 /* AppDelegate.swift */ = {isa = PBXFileReference; lastKnownFileType = sourcecode.swift; path = AppDelegate.swift; sourceTree = "<group>"; };
		3F9272071D7E4BC50065A9C3 /* ViewController.swift */ = {isa = PBXFileReference; lastKnownFileType = sourcecode.swift; path = ViewController.swift; sourceTree = "<group>"; };
		3F9272091D7E4BC50065A9C3 /* Assets.xcassets */ = {isa = PBXFileReference; lastKnownFileType = folder.assetcatalog; path = Assets.xcassets; sourceTree = "<group>"; };
		3F92720C1D7E4BC50065A9C3 /* Base */ = {isa = PBXFileReference; lastKnownFileType = file.storyboard; name = Base; path = Base.lproj/Main.storyboard; sourceTree = "<group>"; };
		3F92720E1D7E4BC50065A9C3 /* Info.plist */ = {isa = PBXFileReference; lastKnownFileType = text.plist.xml; path = Info.plist; sourceTree = "<group>"; };
		3F9272131D7E4BC50065A9C3 /* LogoClipTests.xctest */ = {isa = PBXFileReference; explicitFileType = wrapper.cfbundle; includeInIndex = 0; path = LogoClipTests.xctest; sourceTree = BUILT_PRODUCTS_DIR; };
		3F9272171D7E4BC50065A9C3 /* LogoClipTests.swift */ = {isa = PBXFileReference; lastKnownFileType = sourcecode.swift; path = LogoClipTests.swift; sourceTree = "<group>"; };
		3F9272191D7E4BC50065A9C3 /* Info.plist */ = {isa = PBXFileReference; lastKnownFileType = text.plist.xml; path = Info.plist; sourceTree = "<group>"; };
		3F92721E1D7E4BC50065A9C3 /* LogoClipUITests.xctest */ = {isa = PBXFileReference; explicitFileType = wrapper.cfbundle; includeInIndex = 0; path = LogoClipUITests.xctest; sourceTree = BUILT_PRODUCTS_DIR; };
		3F9272221D7E4BC50065A9C3 /* LogoClipUITests.swift */ = {isa = PBXFileReference; lastKnownFileType = sourcecode.swift; path = LogoClipUITests.swift; sourceTree = "<group>"; };
		3F9272241D7E4BC50065A9C3 /* Info.plist */ = {isa = PBXFileReference; lastKnownFileType = text.plist.xml; path = Info.plist; sourceTree = "<group>"; };
		3F9272311D7E5F900065A9C3 /* zj_no_pic@2x.png */ = {isa = PBXFileReference; lastKnownFileType = image.png; path = "zj_no_pic@2x.png"; sourceTree = "<group>"; };
/* End PBXFileReference section */

/* Begin PBXFrameworksBuildPhase section */
		3F9271FF1D7E4BC50065A9C3 /* Frameworks */ = {
			isa = PBXFrameworksBuildPhase;
			buildActionMask = 2147483647;
			files = (
			);
			runOnlyForDeploymentPostprocessing = 0;
		};
		3F9272101D7E4BC50065A9C3 /* Frameworks */ = {
			isa = PBXFrameworksBuildPhase;
			buildActionMask = 2147483647;
			files = (
			);
			runOnlyForDeploymentPostprocessing = 0;
		};
		3F92721B1D7E4BC50065A9C3 /* Frameworks */ = {
			isa = PBXFrameworksBuildPhase;
			buildActionMask = 2147483647;
			files = (
			);
			runOnlyForDeploymentPostprocessing = 0;
		};
/* End PBXFrameworksBuildPhase section */

/* Begin PBXGroup section */
		3F9271F91D7E4BC50065A9C3 = {
			isa = PBXGroup;
			children = (
				3F9272041D7E4BC50065A9C3 /* LogoClip */,
				3F9272161D7E4BC50065A9C3 /* LogoClipTests */,
				3F9272211D7E4BC50065A9C3 /* LogoClipUITests */,
				3F9272031D7E4BC50065A9C3 /* Products */,
			);
			sourceTree = "<group>";
		};
		3F9272031D7E4BC50065A9C3 /* Products */ = {
			isa = PBXGroup;
			children = (
				3F9272021D7E4BC50065A9C3 /* LogoClip.app */,
				3F9272131D7E4BC50065A9C3 /* LogoClipTests.xctest */,
				3F92721E1D7E4BC50065A9C3 /* LogoClipUITests.xctest */,
			);
			name = Products;
			sourceTree = "<group>";
		};
		3F9272041D7E4BC50065A9C3 /* LogoClip */ = {
			isa = PBXGroup;
			children = (
				3F9272301D7E5F900065A9C3 /* image */,
				3F9272051D7E4BC50065A9C3 /* AppDelegate.swift */,
				3F9272071D7E4BC50065A9C3 /* ViewController.swift */,
				3F9272091D7E4BC50065A9C3 /* Assets.xcassets */,
				3F92720B1D7E4BC50065A9C3 /* Main.storyboard */,
				3F92720E1D7E4BC50065A9C3 /* Info.plist */,
			);
			path = LogoClip;
			sourceTree = "<group>";
		};
		3F9272161D7E4BC50065A9C3 /* LogoClipTests */ = {
			isa = PBXGroup;
			children = (
				3F9272171D7E4BC50065A9C3 /* LogoClipTests.swift */,
				3F9272191D7E4BC50065A9C3 /* Info.plist */,
			);
			path = LogoClipTests;
			sourceTree = "<group>";
		};
		3F9272211D7E4BC50065A9C3 /* LogoClipUITests */ = {
			isa = PBXGroup;
			children = (
				3F9272221D7E4BC50065A9C3 /* LogoClipUITests.swift */,
				3F9272241D7E4BC50065A9C3 /* Info.plist */,
			);
			path = LogoClipUITests;
			sourceTree = "<group>";
		};
		3F9272301D7E5F900065A9C3 /* image */ = {
			isa = PBXGroup;
			children = (
				3F9272311D7E5F900065A9C3 /* zj_no_pic@2x.png */,
			);
			path = image;
			sourceTree = "<group>";
		};
/* End PBXGroup section */

/* Begin PBXNativeTarget section */
		3F9272011D7E4BC50065A9C3 /* LogoClip */ = {
			isa = PBXNativeTarget;
			buildConfigurationList = 3F9272271D7E4BC50065A9C3 /* Build configuration list for PBXNativeTarget "LogoClip" */;
			buildPhases = (
				3F9271FE1D7E4BC50065A9C3 /* Sources */,
				3F9271FF1D7E4BC50065A9C3 /* Frameworks */,
				3F9272001D7E4BC50065A9C3 /* Resources */,
			);
			buildRules = (
			);
			dependencies = (
			);
			name = LogoClip;
			productName = LogoClip;
			productReference = 3F9272021D7E4BC50065A9C3 /* LogoClip.app */;
			productType = "com.apple.product-type.application";
		};
		3F9272121D7E4BC50065A9C3 /* LogoClipTests */ = {
			isa = PBXNativeTarget;
			buildConfigurationList = 3F92722A1D7E4BC50065A9C3 /* Build configuration list for PBXNativeTarget "LogoClipTests" */;
			buildPhases = (
				3F92720F1D7E4BC50065A9C3 /* Sources */,
				3F9272101D7E4BC50065A9C3 /* Frameworks */,
				3F9272111D7E4BC50065A9C3 /* Resources */,
			);
			buildRules = (
			);
			dependencies = (
				3F9272151D7E4BC50065A9C3 /* PBXTargetDependency */,
			);
			name = LogoClipTests;
			productName = LogoClipTests;
			productReference = 3F9272131D7E4BC50065A9C3 /* LogoClipTests.xctest */;
			productType = "com.apple.product-type.bundle.unit-test";
		};
		3F92721D1D7E4BC50065A9C3 /* LogoClipUITests */ = {
			isa = PBXNativeTarget;
			buildConfigurationList = 3F92722D1D7E4BC50065A9C3 /* Build configuration list for PBXNativeTarget "LogoClipUITests" */;
			buildPhases = (
				3F92721A1D7E4BC50065A9C3 /* Sources */,
				3F92721B1D7E4BC50065A9C3 /* Frameworks */,
				3F92721C1D7E4BC50065A9C3 /* Resources */,
			);
			buildRules = (
			);
			dependencies = (
				3F9272201D7E4BC50065A9C3 /* PBXTargetDependency */,
			);
			name = LogoClipUITests;
			productName = LogoClipUITests;
			productReference = 3F92721E1D7E4BC50065A9C3 /* LogoClipUITests.xctest */;
			productType = "com.apple.product-type.bundle.ui-testing";
		};
/* End PBXNativeTarget section */

/* Begin PBXProject section */
		3F9271FA1D7E4BC50065A9C3 /* Project object */ = {
			isa = PBXProject;
			attributes = {
				LastSwiftUpdateCheck = 0730;
				LastUpgradeCheck = 0730;
				ORGANIZATIONNAME = PSVMC;
				TargetAttributes = {
					3F9272011D7E4BC50065A9C3 = {
						CreatedOnToolsVersion = 7.3.1;
					};
					3F9272121D7E4BC50065A9C3 = {
						CreatedOnToolsVersion = 7.3.1;
						TestTargetID = 3F9272011D7E4BC50065A9C3;
					};
					3F92721D1D7E4BC50065A9C3 = {
						CreatedOnToolsVersion = 7.3.1;
						TestTargetID = 3F9272011D7E4BC50065A9C3;
					};
				};
			};
			buildConfigurationList = 3F9271FD1D7E4BC50065A9C3 /* Build configuration list for PBXProject "LogoClip" */;
			compatibilityVersion = "Xcode 3.2";
			developmentRegion = English;
			hasScannedForEncodings = 0;
			knownRegions = (
				en,
				Base,
			);
			mainGroup = 3F9271F91D7E4BC50065A9C3;
			productRefGroup = 3F9272031D7E4BC50065A9C3 /* Products */;
			projectDirPath = "";
			projectRoot = "";
			targets = (
				3F9272011D7E4BC50065A9C3 /* LogoClip */,
				3F9272121D7E4BC50065A9C3 /* LogoClipTests */,
				3F92721D1D7E4BC50065A9C3 /* LogoClipUITests */,
			);
		};
/* End PBXProject section */

/* Begin PBXResourcesBuildPhase section */
		3F9272001D7E4BC50065A9C3 /* Resources */ = {
			isa = PBXResourcesBuildPhase;
			buildActionMask = 2147483647;
			files = (
				3F92720A1D7E4BC50065A9C3 /* Assets.xcassets in Resources */,
				3F9272321D7E5F900065A9C3 /* zj_no_pic@2x.png in Resources */,
				3F92720D1D7E4BC50065A9C3 /* Main.storyboard in Resources */,
			);
			runOnlyForDeploymentPostprocessing = 0;
		};
		3F9272111D7E4BC50065A9C3 /* Resources */ = {
			isa = PBXResourcesBuildPhase;
			buildActionMask = 2147483647;
			files = (
			);
			runOnlyForDeploymentPostprocessing = 0;
		};
		3F92721C1D7E4BC50065A9C3 /* Resources */ = {
			isa = PBXResourcesBuildPhase;
			buildActionMask = 2147483647;
			files = (
			);
			runOnlyForDeploymentPostprocessing = 0;
		};
/* End PBXResourcesBuildPhase section */

/* Begin PBXSourcesBuildPhase section */
		3F9271FE1D7E4BC50065A9C3 /* Sources */ = {
			isa = PBXSourcesBuildPhase;
			buildActionMask = 2147483647;
			files = (
				3F9272081D7E4BC50065A9C3 /* ViewController.swift in Sources */,
				3F9272061D7E4BC50065A9C3 /* AppDelegate.swift in Sources */,
			);
			runOnlyForDeploymentPostprocessing = 0;
		};
		3F92720F1D7E4BC50065A9C3 /* Sources */ = {
			isa = PBXSourcesBuildPhase;
			buildActionMask = 2147483647;
			files = (
				3F9272181D7E4BC50065A9C3 /* LogoClipTests.swift in Sources */,
			);
			runOnlyForDeploymentPostprocessing = 0;
		};
		3F92721A1D7E4BC50065A9C3 /* Sources */ = {
			isa = PBXSourcesBuildPhase;
			buildActionMask = 2147483647;
			files = (
				3F9272231D7E4BC50065A9C3 /* LogoClipUITests.swift in Sources */,
			);
			runOnlyForDeploymentPostprocessing = 0;
		};
/* End PBXSourcesBuildPhase section */

/* Begin PBXTargetDependency section */
		3F9272151D7E4BC50065A9C3 /* PBXTargetDependency */ = {
			isa = PBXTargetDependency;
			target = 3F9272011D7E4BC50065A9C3 /* LogoClip */;
			targetProxy = 3F9272141D7E4BC50065A9C3 /* PBXContainerItemProxy */;
		};
		3F9272201D7E4BC50065A9C3 /* PBXTargetDependency */ = {
			isa = PBXTargetDependency;
			target = 3F9272011D7E4BC50065A9C3 /* LogoClip */;
			targetProxy = 3F92721F1D7E4BC50065A9C3 /* PBXContainerItemProxy */;
		};
/* End PBXTargetDependency section */

/* Begin PBXVariantGroup section */
		3F92720B1D7E4BC50065A9C3 /* Main.storyboard */ = {
			isa = PBXVariantGroup;
			children = (
				3F92720C1D7E4BC50065A9C3 /* Base */,
			);
			name = Main.storyboard;
			sourceTree = "<group>";
		};
/* End PBXVariantGroup section */

/* Begin XCBuildConfiguration section */
		3F9272251D7E4BC50065A9C3 /* Debug */ = {
			isa = XCBuildConfiguration;
			buildSettings = {
				ALWAYS_SEARCH_USER_PATHS = NO;
				CLANG_ANALYZER_NONNULL = YES;
				CLANG_CXX_LANGUAGE_STANDARD = "gnu++0x";
				CLANG_CXX_LIBRARY = "libc++";
				CLANG_ENABLE_MODULES = YES;
				CLANG_ENABLE_OBJC_ARC = YES;
				CLANG_WARN_BOOL_CONVERSION = YES;
				CLANG_WARN_CONSTANT_CONVERSION = YES;
				CLANG_WARN_DIRECT_OBJC_ISA_USAGE = YES_ERROR;
				CLANG_WARN_EMPTY_BODY = YES;
				CLANG_WARN_ENUM_CONVERSION = YES;
				CLANG_WARN_INT_CONVERSION = YES;
				CLANG_WARN_OBJC_ROOT_CLASS = YES_ERROR;
				CLANG_WARN_UNREACHABLE_CODE = YES;
				CLANG_WARN__DUPLICATE_METHOD_MATCH = YES;
				CODE_SIGN_IDENTITY = "-";
				COPY_PHASE_STRIP = NO;
				DEBUG_INFORMATION_FORMAT = dwarf;
				ENABLE_STRICT_OBJC_MSGSEND = YES;
				ENABLE_TESTABILITY = YES;
				GCC_C_LANGUAGE_STANDARD = gnu99;
				GCC_DYNAMIC_NO_PIC = NO;
				GCC_NO_COMMON_BLOCKS = YES;
				GCC_OPTIMIZATION_LEVEL = 0;
				GCC_PREPROCESSOR_DEFINITIONS = (
					"DEBUG=1",
					"$(inherited)",
				);
				GCC_WARN_64_TO_32_BIT_CONVERSION = YES;
				GCC_WARN_ABOUT_RETURN_TYPE = YES_ERROR;
				GCC_WARN_UNDECLARED_SELECTOR = YES;
				GCC_WARN_UNINITIALIZED_AUTOS = YES_AGGRESSIVE;
				GCC_WARN_UNUSED_FUNCTION = YES;
				GCC_WARN_UNUSED_VARIABLE = YES;
				MACOSX_DEPLOYMENT_TARGET = 10.11;
				MTL_ENABLE_DEBUG_INFO = YES;
				ONLY_ACTIVE_ARCH = YES;
				SDKROOT = macosx;
				SWIFT_OPTIMIZATION_LEVEL = "-Onone";
			};
			name = Debug;
		};
		3F9272261D7E4BC50065A9C3 /* Release */ = {
			isa = XCBuildConfiguration;
			buildSettings = {
				ALWAYS_SEARCH_USER_PATHS = NO;
				CLANG_ANALYZER_NONNULL = YES;
				CLANG_CXX_LANGUAGE_STANDARD = "gnu++0x";
				CLANG_CXX_LIBRARY = "libc++";
				CLANG_ENABLE_MODULES = YES;
				CLANG_ENABLE_OBJC_ARC = YES;
				CLANG_WARN_BOOL_CONVERSION = YES;
				CLANG_WARN_CONSTANT_CONVERSION = YES;
				CLANG_WARN_DIRECT_OBJC_ISA_USAGE = YES_ERROR;
				CLANG_WARN_EMPTY_BODY = YES;
				CLANG_WARN_ENUM_CONVERSION = YES;
				CLANG_WARN_INT_CONVERSION = YES;
				CLANG_WARN_OBJC_ROOT_CLASS = YES_ERROR;
				CLANG_WARN_UNREACHABLE_CODE = YES;
				CLANG_WARN__DUPLICATE_METHOD_MATCH = YES;
				CODE_SIGN_IDENTITY = "-";
				COPY_PHASE_STRIP = NO;
				DEBUG_INFORMATION_FORMAT = "dwarf-with-dsym";
				ENABLE_NS_ASSERTIONS = NO;
				ENABLE_STRICT_OBJC_MSGSEND = YES;
				GCC_C_LANGUAGE_STANDARD = gnu99;
				GCC_NO_COMMON_BLOCKS = YES;
				GCC_WARN_64_TO_32_BIT_CONVERSION = YES;
				GCC_WARN_ABOUT_RETURN_TYPE = YES_ERROR;
				GCC_WARN_UNDECLARED_SELECTOR = YES;
				GCC_WARN_UNINITIALIZED_AUTOS = YES_AGGRESSIVE;
				GCC_WARN_UNUSED_FUNCTION = YES;
				GCC_WARN_UNUSED_VARIABLE = YES;
				MACOSX_DEPLOYMENT_TARGET = 10.11;
				MTL_ENABLE_DEBUG_INFO = NO;
				SDKROOT = macosx;
			};
			name = Release;
		};
		3F9272281D7E4BC50065A9C3 /* Debug */ = {
			isa = XCBuildConfiguration;
			buildSettings = {
				ASSETCATALOG_COMPILER_APPICON_NAME = AppIcon;
				COMBINE_HIDPI_IMAGES = YES;
				INFOPLIST_FILE = LogoClip/Info.plist;
				LD_RUNPATH_SEARCH_PATHS = "$(inherited) @executable_path/../Frameworks";
				PRODUCT_BUNDLE_IDENTIFIER = cn.psvmc.LogoClip;
				PRODUCT_NAME = "$(TARGET_NAME)";
			};
			name = Debug;
		};
		3F9272291D7E4BC50065A9C3 /* Release */ = {
			isa = XCBuildConfiguration;
			buildSettings = {
				ASSETCATALOG_COMPILER_APPICON_NAME = AppIcon;
				COMBINE_HIDPI_IMAGES = YES;
				INFOPLIST_FILE = LogoClip/Info.plist;
				LD_RUNPATH_SEARCH_PATHS = "$(inherited) @executable_path/../Frameworks";
				PRODUCT_BUNDLE_IDENTIFIER = cn.psvmc.LogoClip;
				PRODUCT_NAME = "$(TARGET_NAME)";
			};
			name = Release;
		};
		3F92722B1D7E4BC50065A9C3 /* Debug */ = {
			isa = XCBuildConfiguration;
			buildSettings = {
				BUNDLE_LOADER = "$(TEST_HOST)";
				COMBINE_HIDPI_IMAGES = YES;
				INFOPLIST_FILE = LogoClipTests/Info.plist;
				LD_RUNPATH_SEARCH_PATHS = "$(inherited) @executable_path/../Frameworks @loader_path/../Frameworks";
				PRODUCT_BUNDLE_IDENTIFIER = cn.psvmc.LogoClipTests;
				PRODUCT_NAME = "$(TARGET_NAME)";
				TEST_HOST = "$(BUILT_PRODUCTS_DIR)/LogoClip.app/Contents/MacOS/LogoClip";
			};
			name = Debug;
		};
		3F92722C1D7E4BC50065A9C3 /* Release */ = {
			isa = XCBuildConfiguration;
			buildSettings = {
				BUNDLE_LOADER = "$(TEST_HOST)";
				COMBINE_HIDPI_IMAGES = YES;
				INFOPLIST_FILE = LogoClipTests/Info.plist;
				LD_RUNPATH_SEARCH_PATHS = "$(inherited) @executable_path/../Frameworks @loader_path/../Frameworks";
				PRODUCT_BUNDLE_IDENTIFIER = cn.psvmc.LogoClipTests;
				PRODUCT_NAME = "$(TARGET_NAME)";
				TEST_HOST = "$(BUILT_PRODUCTS_DIR)/LogoClip.app/Contents/MacOS/LogoClip";
			};
			name = Release;
		};
		3F92722E1D7E4BC50065A9C3 /* Debug */ = {
			isa = XCBuildConfiguration;
			buildSettings = {
				COMBINE_HIDPI_IMAGES = YES;
				INFOPLIST_FILE = LogoClipUITests/Info.plist;
				LD_RUNPATH_SEARCH_PATHS = "$(inherited) @executable_path/../Frameworks @loader_path/../Frameworks";
				PRODUCT_BUNDLE_IDENTIFIER = cn.psvmc.LogoClipUITests;
				PRODUCT_NAME = "$(TARGET_NAME)";
				TEST_TARGET_NAME = LogoClip;
			};
			name = Debug;
		};
		3F92722F1D7E4BC50065A9C3 /* Release */ = {
			isa = XCBuildConfiguration;
			buildSettings = {
				COMBINE_HIDPI_IMAGES = YES;
				INFOPLIST_FILE = LogoClipUITests/Info.plist;
				LD_RUNPATH_SEARCH_PATHS = "$(inherited) @executable_path/../Frameworks @loader_path/../Frameworks";
				PRODUCT_BUNDLE_IDENTIFIER = cn.psvmc.LogoClipUITests;
				PRODUCT_NAME = "$(TARGET_NAME)";
				TEST_TARGET_NAME = LogoClip;
			};
			name = Release;
		};
/* End XCBuildConfiguration section */

/* Begin XCConfigurationList section */
		3F9271FD1D7E4BC50065A9C3 /* Build configuration list for PBXProject "LogoClip" */ = {
			isa = XCConfigurationList;
			buildConfigurations = (
				3F9272251D7E4BC50065A9C3 /* Debug */,
				3F9272261D7E4BC50065A9C3 /* Release */,
			);
			defaultConfigurationIsVisible = 0;
			defaultConfigurationName = Release;
		};
		3F9272271D7E4BC50065A9C3 /* Build configuration list for PBXNativeTarget "LogoClip" */ = {
			isa = XCConfigurationList;
			buildConfigurations = (
				3F9272281D7E4BC50065A9C3 /* Debug */,
				3F9272291D7E4BC50065A9C3 /* Release */,
			);
			defaultConfigurationIsVisible = 0;
		};
		3F92722A1D7E4BC50065A9C3 /* Build configuration list for PBXNativeTarget "LogoClipTests" */ = {
			isa = XCConfigurationList;
			buildConfigurations = (
				3F92722B1D7E4BC50065A9C3 /* Debug */,
				3F92722C1D7E4BC50065A9C3 /* Release */,
			);
			defaultConfigurationIsVisible = 0;
		};
		3F92722D1D7E4BC50065A9C3 /* Build configuration list for PBXNativeTarget "LogoClipUITests" */ = {
			isa = XCConfigurationList;
			buildConfigurations = (
				3F92722E1D7E4BC50065A9C3 /* Debug */,
				3F92722F1D7E4BC50065A9C3 /* Release */,
			);
			defaultConfigurationIsVisible = 0;
		};
/* End XCConfigurationList section */
	};
	rootObject = 3F9271FA1D7E4BC50065A9C3 /* Project object */;
}
